
Microsoft Visual Studio Solution File, Format Version 12.00
# Visual Studio 15
VisualStudioVersion = 15.0.28010.2036
MinimumVisualStudioVersion = 10.0.40219.1
Project("{9A19103F-16F7-4668-BE54-9A1E7A4F7556}") = "ClaytonsOpinion", "ClaytonsOpinion\ClaytonsOpinion.csproj", "{36400D4E-AD31-4134-9208-D715EB643689}"
EndProject
Global
	GlobalSection(SolutionConfigurationPlatforms) = preSolution
		Debug|Any CPU = Debug|Any CPU
		Release|Any CPU = Release|Any CPU
	EndGlobalSection
	GlobalSection(ProjectConfigurationPlatforms) = postSolution
		{36400D4E-AD31-4134-9208-D715EB643689}.Debug|Any CPU.ActiveCfg = Debug|Any CPU
		{36400D4E-AD31-4134-9208-D715EB643689}.Debug|Any CPU.Build.0 = Debug|Any CPU
		{36400D4E-AD31-4134-9208-D715EB643689}.Release|Any CPU.ActiveCfg = Release|Any CPU
		{36400D4E-AD31-4134-9208-D715EB643689}.Release|Any CPU.Build.0 = Release|Any CPU
	EndGlobalSection
	GlobalSection(SolutionProperties) = preSolution
		HideSolutionNode = FALSE
	EndGlobalSection
	GlobalSection(ExtensibilityGlobals) = postSolution
		SolutionGuid = {236A2DF7-849B-488B-9B85-1253BF1F6B74}
	EndGlobalSection
EndGlobal
